// !$*UTF8*$!
{
	archiveVersion = 1;
	classes = {
	};
	objectVersion = 56;
	objects = {

/* Begin PBXBuildFile section */
		0F3550E92BA64C5D00A5BD19 /* CheckboxStyle.swift in Sources */ = {isa = PBXBuildFile; fileRef = 0F3550E82BA64C5D00A5BD19 /* CheckboxStyle.swift */; };
		0F5CE0122B7D6FB7008E5DAA /* AlertsView.swift in Sources */ = {isa = PBXBuildFile; fileRef = 0F5CE0112B7D6FB7008E5DAA /* AlertsView.swift */; };
		0F6BBD7F2B1AA96E00CE5D1C /* TracksApp.swift in Sources */ = {isa = PBXBuildFile; fileRef = 0F6BBD7E2B1AA96E00CE5D1C /* TracksApp.swift */; };
		0F6BBD812B1AA96E00CE5D1C /* ContentView.swift in Sources */ = {isa = PBXBuildFile; fileRef = 0F6BBD802B1AA96E00CE5D1C /* ContentView.swift */; };
		0F6BBD832B1AA96F00CE5D1C /* Assets.xcassets in Resources */ = {isa = PBXBuildFile; fileRef = 0F6BBD822B1AA96F00CE5D1C /* Assets.xcassets */; };
		0F6BBD862B1AA96F00CE5D1C /* Preview Assets.xcassets in Resources */ = {isa = PBXBuildFile; fileRef = 0F6BBD852B1AA96F00CE5D1C /* Preview Assets.xcassets */; };
		0FA55AD82B422A8E004332E6 /* Definitions.swift in Sources */ = {isa = PBXBuildFile; fileRef = 0FA55AD32B422A8E004332E6 /* Definitions.swift */; };
		0FA55AD92B422A8E004332E6 /* StationsView.swift in Sources */ = {isa = PBXBuildFile; fileRef = 0FA55AD42B422A8E004332E6 /* StationsView.swift */; };
		0FA55ADA2B422A8E004332E6 /* TripsView.swift in Sources */ = {isa = PBXBuildFile; fileRef = 0FA55AD52B422A8E004332E6 /* TripsView.swift */; };
		0FA55ADB2B422A8E004332E6 /* TrainView.swift in Sources */ = {isa = PBXBuildFile; fileRef = 0FA55AD62B422A8E004332E6 /* TrainView.swift */; };
		0FA55ADC2B422A8E004332E6 /* StationView.swift in Sources */ = {isa = PBXBuildFile; fileRef = 0FA55AD72B422A8E004332E6 /* StationView.swift */; };
		0FA55ADE2B422BBA004332E6 /* Scheduled.swift in Sources */ = {isa = PBXBuildFile; fileRef = 0FA55ADD2B422BBA004332E6 /* Scheduled.swift */; };
		0FF17CC52B4BBE890082BD2F /* Station.swift in Sources */ = {isa = PBXBuildFile; fileRef = 0FF17CC42B4BBE890082BD2F /* Station.swift */; };
		0FF17CC72B4BC12C0082BD2F /* stations.json in Resources */ = {isa = PBXBuildFile; fileRef = 0FF17CC62B4BC12C0082BD2F /* stations.json */; };
		2A0EBCA32E94E34600BDDB9E /* Holidays.swift in Sources */ = {isa = PBXBuildFile; fileRef = 2A0EBCA22E94E34600BDDB9E /* Holidays.swift */; };
		6E568EBB5C625A9964CAC888 /* Pods_Tracks.framework in Frameworks */ = {isa = PBXBuildFile; fileRef = 96C6162720045E884964FE9D /* Pods_Tracks.framework */; };
/* End PBXBuildFile section */

/* Begin PBXFileReference section */
		0F3550E82BA64C5D00A5BD19 /* CheckboxStyle.swift */ = {isa = PBXFileReference; fileEncoding = 4; lastKnownFileType = sourcecode.swift; path = CheckboxStyle.swift; sourceTree = "<group>"; };
		0F5CE0112B7D6FB7008E5DAA /* AlertsView.swift */ = {isa = PBXFileReference; fileEncoding = 4; lastKnownFileType = sourcecode.swift; path = AlertsView.swift; sourceTree = "<group>"; };
		0F6BBD7B2B1AA96E00CE5D1C /* Tracks.app */ = {isa = PBXFileReference; explicitFileType = wrapper.application; includeInIndex = 0; path = Tracks.app; sourceTree = BUILT_PRODUCTS_DIR; };
		0F6BBD7E2B1AA96E00CE5D1C /* TracksApp.swift */ = {isa = PBXFileReference; lastKnownFileType = sourcecode.swift; path = TracksApp.swift; sourceTree = "<group>"; };
		0F6BBD802B1AA96E00CE5D1C /* ContentView.swift */ = {isa = PBXFileReference; lastKnownFileType = sourcecode.swift; path = ContentView.swift; sourceTree = "<group>"; };
		0F6BBD822B1AA96F00CE5D1C /* Assets.xcassets */ = {isa = PBXFileReference; lastKnownFileType = folder.assetcatalog; path = Assets.xcassets; sourceTree = "<group>"; };
		0F6BBD852B1AA96F00CE5D1C /* Preview Assets.xcassets */ = {isa = PBXFileReference; lastKnownFileType = folder.assetcatalog; path = "Preview Assets.xcassets"; sourceTree = "<group>"; };
		0FA55AD32B422A8E004332E6 /* Definitions.swift */ = {isa = PBXFileReference; fileEncoding = 4; lastKnownFileType = sourcecode.swift; path = Definitions.swift; sourceTree = "<group>"; };
		0FA55AD42B422A8E004332E6 /* StationsView.swift */ = {isa = PBXFileReference; fileEncoding = 4; lastKnownFileType = sourcecode.swift; path = StationsView.swift; sourceTree = "<group>"; };
		0FA55AD52B422A8E004332E6 /* TripsView.swift */ = {isa = PBXFileReference; fileEncoding = 4; lastKnownFileType = sourcecode.swift; path = TripsView.swift; sourceTree = "<group>"; };
		0FA55AD62B422A8E004332E6 /* TrainView.swift */ = {isa = PBXFileReference; fileEncoding = 4; lastKnownFileType = sourcecode.swift; path = TrainView.swift; sourceTree = "<group>"; };
		0FA55AD72B422A8E004332E6 /* StationView.swift */ = {isa = PBXFileReference; fileEncoding = 4; lastKnownFileType = sourcecode.swift; path = StationView.swift; sourceTree = "<group>"; };
		0FA55ADD2B422BBA004332E6 /* Scheduled.swift */ = {isa = PBXFileReference; fileEncoding = 4; lastKnownFileType = sourcecode.swift; path = Scheduled.swift; sourceTree = "<group>"; };
		0FF17CC42B4BBE890082BD2F /* Station.swift */ = {isa = PBXFileReference; fileEncoding = 4; lastKnownFileType = sourcecode.swift; path = Station.swift; sourceTree = "<group>"; };
		0FF17CC62B4BC12C0082BD2F /* stations.json */ = {isa = PBXFileReference; fileEncoding = 4; lastKnownFileType = text.json; path = stations.json; sourceTree = "<group>"; };
		2A0EBCA22E94E34600BDDB9E /* Holidays.swift */ = {isa = PBXFileReference; lastKnownFileType = sourcecode.swift; path = Holidays.swift; sourceTree = "<group>"; };
		6D831923CCE7F864EBBB98CF /* Pods-Tracks.debug.xcconfig */ = {isa = PBXFileReference; includeInIndex = 1; lastKnownFileType = text.xcconfig; name = "Pods-Tracks.debug.xcconfig"; path = "Target Support Files/Pods-Tracks/Pods-Tracks.debug.xcconfig"; sourceTree = "<group>"; };
		96C6162720045E884964FE9D /* Pods_Tracks.framework */ = {isa = PBXFileReference; explicitFileType = wrapper.framework; includeInIndex = 0; path = Pods_Tracks.framework; sourceTree = BUILT_PRODUCTS_DIR; };
		D5120FD220824EA2E1D85F24 /* Pods-Tracks.release.xcconfig */ = {isa = PBXFileReference; includeInIndex = 1; lastKnownFileType = text.xcconfig; name = "Pods-Tracks.release.xcconfig"; path = "Target Support Files/Pods-Tracks/Pods-Tracks.release.xcconfig"; sourceTree = "<group>"; };
/* End PBXFileReference section */

/* Begin PBXFrameworksBuildPhase section */
		0F6BBD782B1AA96E00CE5D1C /* Frameworks */ = {
			isa = PBXFrameworksBuildPhase;
			buildActionMask = 2147483647;
			files = (
				6E568EBB5C625A9964CAC888 /* Pods_Tracks.framework in Frameworks */,
			);
			runOnlyForDeploymentPostprocessing = 0;
		};
/* End PBXFrameworksBuildPhase section */

/* Begin PBXGroup section */
		0F6BBD722B1AA96E00CE5D1C = {
			isa = PBXGroup;
			children = (
				0F6BBD7D2B1AA96E00CE5D1C /* Tracks */,
				0F6BBD7C2B1AA96E00CE5D1C /* Products */,
				BD5357EB34DD29D91354EAF4 /* Pods */,
				87E26B3294D2E16FB9C58C9A /* Frameworks */,
			);
			sourceTree = "<group>";
		};
		0F6BBD7C2B1AA96E00CE5D1C /* Products */ = {
			isa = PBXGroup;
			children = (
				0F6BBD7B2B1AA96E00CE5D1C /* Tracks.app */,
			);
			name = Products;
			sourceTree = "<group>";
		};
		0F6BBD7D2B1AA96E00CE5D1C /* Tracks */ = {
			isa = PBXGroup;
			children = (
				0FF17CC62B4BC12C0082BD2F /* stations.json */,
				0F5CE0112B7D6FB7008E5DAA /* AlertsView.swift */,
				0F3550E82BA64C5D00A5BD19 /* CheckboxStyle.swift */,
				0FA55AD32B422A8E004332E6 /* Definitions.swift */,
				2A0EBCA22E94E34600BDDB9E /* Holidays.swift */,
				0FA55ADD2B422BBA004332E6 /* Scheduled.swift */,
				0FF17CC42B4BBE890082BD2F /* Station.swift */,
				0FA55AD72B422A8E004332E6 /* StationView.swift */,
				0FA55AD42B422A8E004332E6 /* StationsView.swift */,
				0FA55AD62B422A8E004332E6 /* TrainView.swift */,
				0FA55AD52B422A8E004332E6 /* TripsView.swift */,
				0F6BBD7E2B1AA96E00CE5D1C /* TracksApp.swift */,
				0F6BBD802B1AA96E00CE5D1C /* ContentView.swift */,
				0F6BBD822B1AA96F00CE5D1C /* Assets.xcassets */,
				0F6BBD842B1AA96F00CE5D1C /* Preview Content */,
			);
			path = Tracks;
			sourceTree = "<group>";
		};
		0F6BBD842B1AA96F00CE5D1C /* Preview Content */ = {
			isa = PBXGroup;
			children = (
				0F6BBD852B1AA96F00CE5D1C /* Preview Assets.xcassets */,
			);
			path = "Preview Content";
			sourceTree = "<group>";
		};
		87E26B3294D2E16FB9C58C9A /* Frameworks */ = {
			isa = PBXGroup;
			children = (
				96C6162720045E884964FE9D /* Pods_Tracks.framework */,
			);
			name = Frameworks;
			sourceTree = "<group>";
		};
		BD5357EB34DD29D91354EAF4 /* Pods */ = {
			isa = PBXGroup;
			children = (
				6D831923CCE7F864EBBB98CF /* Pods-Tracks.debug.xcconfig */,
				D5120FD220824EA2E1D85F24 /* Pods-Tracks.release.xcconfig */,
			);
			path = Pods;
			sourceTree = "<group>";
		};
/* End PBXGroup section */

/* Begin PBXNativeTarget section */
		0F6BBD7A2B1AA96E00CE5D1C /* Tracks */ = {
			isa = PBXNativeTarget;
			buildConfigurationList = 0F6BBD892B1AA96F00CE5D1C /* Build configuration list for PBXNativeTarget "Tracks" */;
			buildPhases = (
				3F15FDF5815B4135A204FCB2 /* [CP] Check Pods Manifest.lock */,
				0F6BBD772B1AA96E00CE5D1C /* Sources */,
				0F6BBD782B1AA96E00CE5D1C /* Frameworks */,
				0F6BBD792B1AA96E00CE5D1C /* Resources */,
				23CEA142FDC55DD382192603 /* [CP] Embed Pods Frameworks */,
			);
			buildRules = (
			);
			dependencies = (
			);
			name = Tracks;
			productName = Tracks;
			productReference = 0F6BBD7B2B1AA96E00CE5D1C /* Tracks.app */;
			productType = "com.apple.product-type.application";
		};
/* End PBXNativeTarget section */

/* Begin PBXProject section */
		0F6BBD732B1AA96E00CE5D1C /* Project object */ = {
			isa = PBXProject;
			attributes = {
				BuildIndependentTargetsInParallel = 1;
				LastSwiftUpdateCheck = 1430;
				LastUpgradeCheck = 1600;
				TargetAttributes = {
					0F6BBD7A2B1AA96E00CE5D1C = {
						CreatedOnToolsVersion = 14.3.1;
					};
				};
			};
			buildConfigurationList = 0F6BBD762B1AA96E00CE5D1C /* Build configuration list for PBXProject "Tracks" */;
			compatibilityVersion = "Xcode 14.0";
			developmentRegion = en;
			hasScannedForEncodings = 0;
			knownRegions = (
				en,
				Base,
			);
			mainGroup = 0F6BBD722B1AA96E00CE5D1C;
			productRefGroup = 0F6BBD7C2B1AA96E00CE5D1C /* Products */;
			projectDirPath = "";
			projectRoot = "";
			targets = (
				0F6BBD7A2B1AA96E00CE5D1C /* Tracks */,
			);
		};
/* End PBXProject section */

/* Begin PBXResourcesBuildPhase section */
		0F6BBD792B1AA96E00CE5D1C /* Resources */ = {
			isa = PBXResourcesBuildPhase;
			buildActionMask = 2147483647;
			files = (
				0F6BBD862B1AA96F00CE5D1C /* Preview Assets.xcassets in Resources */,
				0F6BBD832B1AA96F00CE5D1C /* Assets.xcassets in Resources */,
				0FF17CC72B4BC12C0082BD2F /* stations.json in Resources */,
			);
			runOnlyForDeploymentPostprocessing = 0;
		};
/* End PBXResourcesBuildPhase section */

/* Begin PBXShellScriptBuildPhase section */
		23CEA142FDC55DD382192603 /* [CP] Embed Pods Frameworks */ = {
			isa = PBXShellScriptBuildPhase;
			buildActionMask = 2147483647;
			files = (
			);
			inputFileListPaths = (
				"${PODS_ROOT}/Target Support Files/Pods-Tracks/Pods-Tracks-frameworks-${CONFIGURATION}-input-files.xcfilelist",
			);
			inputPaths = (
			);
			name = "[CP] Embed Pods Frameworks";
			outputFileListPaths = (
				"${PODS_ROOT}/Target Support Files/Pods-Tracks/Pods-Tracks-frameworks-${CONFIGURATION}-output-files.xcfilelist",
			);
			outputPaths = (
			);
			runOnlyForDeploymentPostprocessing = 0;
			shellPath = /bin/sh;
			shellScript = "\"${PODS_ROOT}/Target Support Files/Pods-Tracks/Pods-Tracks-frameworks.sh\"\n";
			showEnvVarsInLog = 0;
		};
		3F15FDF5815B4135A204FCB2 /* [CP] Check Pods Manifest.lock */ = {
			isa = PBXShellScriptBuildPhase;
			buildActionMask = 2147483647;
			files = (
			);
			inputFileListPaths = (
			);
			inputPaths = (
				"${PODS_PODFILE_DIR_PATH}/Podfile.lock",
				"${PODS_ROOT}/Manifest.lock",
			);
			name = "[CP] Check Pods Manifest.lock";
			outputFileListPaths = (
			);
			outputPaths = (
				"$(DERIVED_FILE_DIR)/Pods-Tracks-checkManifestLockResult.txt",
			);
			runOnlyForDeploymentPostprocessing = 0;
			shellPath = /bin/sh;
			shellScript = "diff \"${PODS_PODFILE_DIR_PATH}/Podfile.lock\" \"${PODS_ROOT}/Manifest.lock\" > /dev/null\nif [ $? != 0 ] ; then\n    # print error to STDERR\n    echo \"error: The sandbox is not in sync with the Podfile.lock. Run 'pod install' or update your CocoaPods installation.\" >&2\n    exit 1\nfi\n# This output is used by Xcode 'outputs' to avoid re-running this script phase.\necho \"SUCCESS\" > \"${SCRIPT_OUTPUT_FILE_0}\"\n";
			showEnvVarsInLog = 0;
		};
/* End PBXShellScriptBuildPhase section */

/* Begin PBXSourcesBuildPhase section */
		0F6BBD772B1AA96E00CE5D1C /* Sources */ = {
			isa = PBXSourcesBuildPhase;
			buildActionMask = 2147483647;
			files = (
				0FA55ADA2B422A8E004332E6 /* TripsView.swift in Sources */,
				0F5CE0122B7D6FB7008E5DAA /* AlertsView.swift in Sources */,
				0FF17CC52B4BBE890082BD2F /* Station.swift in Sources */,
				0FA55ADB2B422A8E004332E6 /* TrainView.swift in Sources */,
				0F6BBD812B1AA96E00CE5D1C /* ContentView.swift in Sources */,
				0FA55ADE2B422BBA004332E6 /* Scheduled.swift in Sources */,
				0FA55ADC2B422A8E004332E6 /* StationView.swift in Sources */,
				0FA55AD92B422A8E004332E6 /* StationsView.swift in Sources */,
				0FA55AD82B422A8E004332E6 /* Definitions.swift in Sources */,
				0F3550E92BA64C5D00A5BD19 /* CheckboxStyle.swift in Sources */,
				2A0EBCA32E94E34600BDDB9E /* Holidays.swift in Sources */,
				0F6BBD7F2B1AA96E00CE5D1C /* TracksApp.swift in Sources */,
			);
			runOnlyForDeploymentPostprocessing = 0;
		};
/* End PBXSourcesBuildPhase section */

/* Begin XCBuildConfiguration section */
		0F6BBD872B1AA96F00CE5D1C /* Debug */ = {
			isa = XCBuildConfiguration;
			buildSettings = {
				ALWAYS_SEARCH_USER_PATHS = NO;
				CLANG_ANALYZER_NONNULL = YES;
				CLANG_ANALYZER_NUMBER_OBJECT_CONVERSION = YES_AGGRESSIVE;
				CLANG_CXX_LANGUAGE_STANDARD = "gnu++20";
				CLANG_ENABLE_MODULES = YES;
				CLANG_ENABLE_OBJC_ARC = YES;
				CLANG_ENABLE_OBJC_WEAK = YES;
				CLANG_WARN_BLOCK_CAPTURE_AUTORELEASING = YES;
				CLANG_WARN_BOOL_CONVERSION = YES;
				CLANG_WARN_COMMA = YES;
				CLANG_WARN_CONSTANT_CONVERSION = YES;
				CLANG_WARN_DEPRECATED_OBJC_IMPLEMENTATIONS = YES;
				CLANG_WARN_DIRECT_OBJC_ISA_USAGE = YES_ERROR;
				CLANG_WARN_DOCUMENTATION_COMMENTS = YES;
				CLANG_WARN_EMPTY_BODY = YES;
				CLANG_WARN_ENUM_CONVERSION = YES;
				CLANG_WARN_INFINITE_RECURSION = YES;
				CLANG_WARN_INT_CONVERSION = YES;
				CLANG_WARN_NON_LITERAL_NULL_CONVERSION = YES;
				CLANG_WARN_OBJC_IMPLICIT_RETAIN_SELF = YES;
				CLANG_WARN_OBJC_LITERAL_CONVERSION = YES;
				CLANG_WARN_OBJC_ROOT_CLASS = YES_ERROR;
				CLANG_WARN_QUOTED_INCLUDE_IN_FRAMEWORK_HEADER = YES;
				CLANG_WARN_RANGE_LOOP_ANALYSIS = YES;
				CLANG_WARN_STRICT_PROTOTYPES = YES;
				CLANG_WARN_SUSPICIOUS_MOVE = YES;
				CLANG_WARN_UNGUARDED_AVAILABILITY = YES_AGGRESSIVE;
				CLANG_WARN_UNREACHABLE_CODE = YES;
				CLANG_WARN__DUPLICATE_METHOD_MATCH = YES;
				COPY_PHASE_STRIP = NO;
				DEBUG_INFORMATION_FORMAT = dwarf;
				ENABLE_STRICT_OBJC_MSGSEND = YES;
				ENABLE_TESTABILITY = YES;
				GCC_C_LANGUAGE_STANDARD = gnu11;
				GCC_DYNAMIC_NO_PIC = NO;
				GCC_NO_COMMON_BLOCKS = YES;
				GCC_OPTIMIZATION_LEVEL = 0;
				GCC_PREPROCESSOR_DEFINITIONS = (
					"DEBUG=1",
					"$(inherited)",
				);
				GCC_WARN_64_TO_32_BIT_CONVERSION = YES;
				GCC_WARN_ABOUT_RETURN_TYPE = YES_ERROR;
				GCC_WARN_UNDECLARED_SELECTOR = YES;
				GCC_WARN_UNINITIALIZED_AUTOS = YES_AGGRESSIVE;
				GCC_WARN_UNUSED_FUNCTION = YES;
				GCC_WARN_UNUSED_VARIABLE = YES;
				IPHONEOS_DEPLOYMENT_TARGET = 16.4;
				MTL_ENABLE_DEBUG_INFO = INCLUDE_SOURCE;
				MTL_FAST_MATH = YES;
				ONLY_ACTIVE_ARCH = YES;
				SDKROOT = iphoneos;
				SWIFT_ACTIVE_COMPILATION_CONDITIONS = DEBUG;
				SWIFT_OPTIMIZATION_LEVEL = "-Onone";
			};
			name = Debug;
		};
		0F6BBD882B1AA96F00CE5D1C /* Release */ = {
			isa = XCBuildConfiguration;
			buildSettings = {
				ALWAYS_SEARCH_USER_PATHS = NO;
				CLANG_ANALYZER_NONNULL = YES;
				CLANG_ANALYZER_NUMBER_OBJECT_CONVERSION = YES_AGGRESSIVE;
				CLANG_CXX_LANGUAGE_STANDARD = "gnu++20";
				CLANG_ENABLE_MODULES = YES;
				CLANG_ENABLE_OBJC_ARC = YES;
				CLANG_ENABLE_OBJC_WEAK = YES;
				CLANG_WARN_BLOCK_CAPTURE_AUTORELEASING = YES;
				CLANG_WARN_BOOL_CONVERSION = YES;
				CLANG_WARN_COMMA = YES;
				CLANG_WARN_CONSTANT_CONVERSION = YES;
				CLANG_WARN_DEPRECATED_OBJC_IMPLEMENTATIONS = YES;
				CLANG_WARN_DIRECT_OBJC_ISA_USAGE = YES_ERROR;
				CLANG_WARN_DOCUMENTATION_COMMENTS = YES;
				CLANG_WARN_EMPTY_BODY = YES;
				CLANG_WARN_ENUM_CONVERSION = YES;
				CLANG_WARN_INFINITE_RECURSION = YES;
				CLANG_WARN_INT_CONVERSION = YES;
				CLANG_WARN_NON_LITERAL_NULL_CONVERSION = YES;
				CLANG_WARN_OBJC_IMPLICIT_RETAIN_SELF = YES;
				CLANG_WARN_OBJC_LITERAL_CONVERSION = YES;
				CLANG_WARN_OBJC_ROOT_CLASS = YES_ERROR;
				CLANG_WARN_QUOTED_INCLUDE_IN_FRAMEWORK_HEADER = YES;
				CLANG_WARN_RANGE_LOOP_ANALYSIS = YES;
				CLANG_WARN_STRICT_PROTOTYPES = YES;
				CLANG_WARN_SUSPICIOUS_MOVE = YES;
				CLANG_WARN_UNGUARDED_AVAILABILITY = YES_AGGRESSIVE;
				CLANG_WARN_UNREACHABLE_CODE = YES;
				CLANG_WARN__DUPLICATE_METHOD_MATCH = YES;
				COPY_PHASE_STRIP = NO;
				DEBUG_INFORMATION_FORMAT = "dwarf-with-dsym";
				ENABLE_NS_ASSERTIONS = NO;
				ENABLE_STRICT_OBJC_MSGSEND = YES;
				GCC_C_LANGUAGE_STANDARD = gnu11;
				GCC_NO_COMMON_BLOCKS = YES;
				GCC_WARN_64_TO_32_BIT_CONVERSION = YES;
				GCC_WARN_ABOUT_RETURN_TYPE = YES_ERROR;
				GCC_WARN_UNDECLARED_SELECTOR = YES;
				GCC_WARN_UNINITIALIZED_AUTOS = YES_AGGRESSIVE;
				GCC_WARN_UNUSED_FUNCTION = YES;
				GCC_WARN_UNUSED_VARIABLE = YES;
				IPHONEOS_DEPLOYMENT_TARGET = 16.4;
				MTL_ENABLE_DEBUG_INFO = NO;
				MTL_FAST_MATH = YES;
				SDKROOT = iphoneos;
				SWIFT_COMPILATION_MODE = wholemodule;
				SWIFT_OPTIMIZATION_LEVEL = "-O";
				VALIDATE_PRODUCT = YES;
			};
			name = Release;
		};
		0F6BBD8A2B1AA96F00CE5D1C /* Debug */ = {
			isa = XCBuildConfiguration;
			baseConfigurationReference = 6D831923CCE7F864EBBB98CF /* Pods-Tracks.debug.xcconfig */;
			buildSettings = {
				ASSETCATALOG_COMPILER_APPICON_NAME = AppIcon;
				ASSETCATALOG_COMPILER_GLOBAL_ACCENT_COLOR_NAME = AccentColor;
				"CODE_SIGN_IDENTITY[sdk=iphoneos*]" = "iPhone Distribution";
				CODE_SIGN_STYLE = Manual;
				CURRENT_PROJECT_VERSION = 1;
				DEVELOPMENT_ASSET_PATHS = "\"Tracks/Preview Content\"";
				DEVELOPMENT_TEAM = "";
				"DEVELOPMENT_TEAM[sdk=iphoneos*]" = 4JCD4WJ4R9;
				ENABLE_PREVIEWS = YES;
				GENERATE_INFOPLIST_FILE = YES;
				INFOPLIST_KEY_CFBundleDisplayName = Tracks;
				INFOPLIST_KEY_LSApplicationCategoryType = "public.app-category.travel";
				INFOPLIST_KEY_UIApplicationSceneManifest_Generation = YES;
				INFOPLIST_KEY_UIApplicationSupportsIndirectInputEvents = YES;
				INFOPLIST_KEY_UILaunchScreen_Generation = YES;
				INFOPLIST_KEY_UISupportedInterfaceOrientations_iPad = "UIInterfaceOrientationPortrait UIInterfaceOrientationPortraitUpsideDown UIInterfaceOrientationLandscapeLeft UIInterfaceOrientationLandscapeRight";
				INFOPLIST_KEY_UISupportedInterfaceOrientations_iPhone = "UIInterfaceOrientationPortrait UIInterfaceOrientationLandscapeLeft UIInterfaceOrientationLandscapeRight";
				LD_RUNPATH_SEARCH_PATHS = (
					"$(inherited)",
					"@executable_path/Frameworks",
				);
				MARKETING_VERSION = 1.0.4;
				PRODUCT_BUNDLE_IDENTIFIER = com.octalwise.tracks;
				PRODUCT_NAME = "$(TARGET_NAME)";
				PROVISIONING_PROFILE_SPECIFIER = "";
				"PROVISIONING_PROFILE_SPECIFIER[sdk=iphoneos*]" = "XC Wildcard";
				SUPPORTED_PLATFORMS = "iphoneos iphonesimulator";
				SUPPORTS_MACCATALYST = NO;
				SUPPORTS_MAC_DESIGNED_FOR_IPHONE_IPAD = NO;
				SUPPORTS_XR_DESIGNED_FOR_IPHONE_IPAD = NO;
				SWIFT_EMIT_LOC_STRINGS = YES;
				SWIFT_VERSION = 5.0;
				TARGETED_DEVICE_FAMILY = 1;
			};
			name = Debug;
		};
		0F6BBD8B2B1AA96F00CE5D1C /* Release */ = {
			isa = XCBuildConfiguration;
			baseConfigurationReference = D5120FD220824EA2E1D85F24 /* Pods-Tracks.release.xcconfig */;
			buildSettings = {
				ASSETCATALOG_COMPILER_APPICON_NAME = AppIcon;
				ASSETCATALOG_COMPILER_GLOBAL_ACCENT_COLOR_NAME = AccentColor;
				"CODE_SIGN_IDENTITY[sdk=iphoneos*]" = "iPhone Distribution";
				CODE_SIGN_STYLE = Manual;
				CURRENT_PROJECT_VERSION = 1;
				DEVELOPMENT_ASSET_PATHS = "\"Tracks/Preview Content\"";
				DEVELOPMENT_TEAM = "";
				"DEVELOPMENT_TEAM[sdk=iphoneos*]" = 4JCD4WJ4R9;
				ENABLE_PREVIEWS = YES;
				GENERATE_INFOPLIST_FILE = YES;
				INFOPLIST_KEY_CFBundleDisplayName = Tracks;
				INFOPLIST_KEY_LSApplicationCategoryType = "public.app-category.travel";
				INFOPLIST_KEY_UIApplicationSceneManifest_Generation = YES;
				INFOPLIST_KEY_UIApplicationSupportsIndirectInputEvents = YES;
				INFOPLIST_KEY_UILaunchScreen_Generation = YES;
				INFOPLIST_KEY_UISupportedInterfaceOrientations_iPad = "UIInterfaceOrientationPortrait UIInterfaceOrientationPortraitUpsideDown UIInterfaceOrientationLandscapeLeft UIInterfaceOrientationLandscapeRight";
				INFOPLIST_KEY_UISupportedInterfaceOrientations_iPhone = "UIInterfaceOrientationPortrait UIInterfaceOrientationLandscapeLeft UIInterfaceOrientationLandscapeRight";
				LD_RUNPATH_SEARCH_PATHS = (
					"$(inherited)",
					"@executable_path/Frameworks",
				);
				MARKETING_VERSION = 1.0.4;
				PRODUCT_BUNDLE_IDENTIFIER = com.octalwise.tracks;
				PRODUCT_NAME = "$(TARGET_NAME)";
				PROVISIONING_PROFILE_SPECIFIER = "";
				"PROVISIONING_PROFILE_SPECIFIER[sdk=iphoneos*]" = "XC Wildcard";
				SUPPORTED_PLATFORMS = "iphoneos iphonesimulator";
				SUPPORTS_MACCATALYST = NO;
				SUPPORTS_MAC_DESIGNED_FOR_IPHONE_IPAD = NO;
				SUPPORTS_XR_DESIGNED_FOR_IPHONE_IPAD = NO;
				SWIFT_EMIT_LOC_STRINGS = YES;
				SWIFT_VERSION = 5.0;
				TARGETED_DEVICE_FAMILY = 1;
			};
			name = Release;
		};
/* End XCBuildConfiguration section */

/* Begin XCConfigurationList section */
		0F6BBD762B1AA96E00CE5D1C /* Build configuration list for PBXProject "Tracks" */ = {
			isa = XCConfigurationList;
			buildConfigurations = (
				0F6BBD872B1AA96F00CE5D1C /* Debug */,
				0F6BBD882B1AA96F00CE5D1C /* Release */,
			);
			defaultConfigurationIsVisible = 0;
			defaultConfigurationName = Release;
		};
		0F6BBD892B1AA96F00CE5D1C /* Build configuration list for PBXNativeTarget "Tracks" */ = {
			isa = XCConfigurationList;
			buildConfigurations = (
				0F6BBD8A2B1AA96F00CE5D1C /* Debug */,
				0F6BBD8B2B1AA96F00CE5D1C /* Release */,
			);
			defaultConfigurationIsVisible = 0;
			defaultConfigurationName = Release;
		};
/* End XCConfigurationList section */
	};
	rootObject = 0F6BBD732B1AA96E00CE5D1C /* Project object */;
}
